
Microsoft Visual Studio Solution File, Format Version 12.00
# Visual Studio Version 17
VisualStudioVersion = 17.8.34330.188
MinimumVisualStudioVersion = 10.0.40219.1
Project("{2150E333-8FDC-42A3-9474-1A3956D46DE8}") = "Microservices", "Microservices", "{5F8B5A99-AF2C-4A31-B920-527FD6CEAD73}"
EndProject
Project("{2150E333-8FDC-42A3-9474-1A3956D46DE8}") = "Domain", "Domain", "{0E13CA75-7896-4D84-B31F-CA0D86D92175}"
EndProject
Project("{2150E333-8FDC-42A3-9474-1A3956D46DE8}") = "Infra.Bus", "Infra.Bus", "{0BE50F94-FBB4-4CE7-ACF5-C5794985A685}"
EndProject
Project("{2150E333-8FDC-42A3-9474-1A3956D46DE8}") = "Infra.IoC", "Infra.IoC", "{C2F7CD6C-08EB-4C16-94EA-B1F0C6200B31}"
EndProject
Project("{2150E333-8FDC-42A3-9474-1A3956D46DE8}") = "Presentation", "Presentation", "{E44CCB89-223C-4CF3-92C0-F14761B59E02}"
EndProject
Project("{9A19103F-16F7-4668-BE54-9A1E7A4F7556}") = "MicroRabbit.Domain.Core", "MicroRabbit.Domain.Core\MicroRabbit.Domain.Core.csproj", "{1B2F4E59-A000-4D20-A8E8-165C3C3A970E}"
EndProject
Project("{FAE04EC0-301F-11D3-BF4B-00C04F79EFBC}") = "MicroRabbit.Infra.Bus", "MicroRabbit.Infra.Bus\MicroRabbit.Infra.Bus.csproj", "{BBB81C33-CF27-4726-934F-F0EE26A3BB1B}"
EndProject
Project("{FAE04EC0-301F-11D3-BF4B-00C04F79EFBC}") = "MicroRabbit.Infra.IoC", "MicroRabbit.Infra.IoC\MicroRabbit.Infra.IoC.csproj", "{A0795A0D-997F-47B3-A100-5F4BE1183D81}"
EndProject
Project("{2150E333-8FDC-42A3-9474-1A3956D46DE8}") = "Banking", "Banking", "{5A44E05C-41C5-4B5D-B241-38EE78C6F344}"
EndProject
Project("{2150E333-8FDC-42A3-9474-1A3956D46DE8}") = "Api", "Api", "{0078345C-F45D-4956-B2DD-95EA038751D9}"
EndProject
Project("{2150E333-8FDC-42A3-9474-1A3956D46DE8}") = "Domain", "Domain", "{941FAEFB-6326-434E-8078-A59A459BF271}"
EndProject
Project("{2150E333-8FDC-42A3-9474-1A3956D46DE8}") = "Application", "Application", "{D0EB569E-CC1C-4A3B-AF53-D2EE27B1CA08}"
EndProject
Project("{2150E333-8FDC-42A3-9474-1A3956D46DE8}") = "Data", "Data", "{0266934C-1895-45C7-BB17-F28E4B1B6E31}"
EndProject
Project("{FAE04EC0-301F-11D3-BF4B-00C04F79EFBC}") = "MicroRabbit.Banking.Api", "MicroRabbit.Banking.Api\MicroRabbit.Banking.Api.csproj", "{EED5E016-7CF9-462A-B7C1-5FC0B63F0D0A}"
EndProject
Project("{FAE04EC0-301F-11D3-BF4B-00C04F79EFBC}") = "MicroRabbit.Banking.Application", "MicroRabbit.Banking.Application\MicroRabbit.Banking.Application.csproj", "{7AA255C0-8669-4D59-809D-DD55677D46C7}"
EndProject
Project("{FAE04EC0-301F-11D3-BF4B-00C04F79EFBC}") = "MicroRabbit.Banking.Data", "MicroRabbit.Banking.Data\MicroRabbit.Banking.Data.csproj", "{4FCAC840-8651-471B-8E9C-7795F9D16013}"
EndProject
Project("{FAE04EC0-301F-11D3-BF4B-00C04F79EFBC}") = "MicroRabbit.Banking.Domain", "MicroRabbit.Banking.Domain\MicroRabbit.Banking.Domain.csproj", "{7584BE02-38DD-44A4-9494-583396C1DC8B}"
EndProject
Global
	GlobalSection(SolutionConfigurationPlatforms) = preSolution
		Debug|Any CPU = Debug|Any CPU
		Release|Any CPU = Release|Any CPU
	EndGlobalSection
	GlobalSection(ProjectConfigurationPlatforms) = postSolution
		{1B2F4E59-A000-4D20-A8E8-165C3C3A970E}.Debug|Any CPU.ActiveCfg = Debug|Any CPU
		{1B2F4E59-A000-4D20-A8E8-165C3C3A970E}.Debug|Any CPU.Build.0 = Debug|Any CPU
		{1B2F4E59-A000-4D20-A8E8-165C3C3A970E}.Release|Any CPU.ActiveCfg = Release|Any CPU
		{1B2F4E59-A000-4D20-A8E8-165C3C3A970E}.Release|Any CPU.Build.0 = Release|Any CPU
		{BBB81C33-CF27-4726-934F-F0EE26A3BB1B}.Debug|Any CPU.ActiveCfg = Debug|Any CPU
		{BBB81C33-CF27-4726-934F-F0EE26A3BB1B}.Debug|Any CPU.Build.0 = Debug|Any CPU
		{BBB81C33-CF27-4726-934F-F0EE26A3BB1B}.Release|Any CPU.ActiveCfg = Release|Any CPU
		{BBB81C33-CF27-4726-934F-F0EE26A3BB1B}.Release|Any CPU.Build.0 = Release|Any CPU
		{A0795A0D-997F-47B3-A100-5F4BE1183D81}.Debug|Any CPU.ActiveCfg = Debug|Any CPU
		{A0795A0D-997F-47B3-A100-5F4BE1183D81}.Debug|Any CPU.Build.0 = Debug|Any CPU
		{A0795A0D-997F-47B3-A100-5F4BE1183D81}.Release|Any CPU.ActiveCfg = Release|Any CPU
		{A0795A0D-997F-47B3-A100-5F4BE1183D81}.Release|Any CPU.Build.0 = Release|Any CPU
		{EED5E016-7CF9-462A-B7C1-5FC0B63F0D0A}.Debug|Any CPU.ActiveCfg = Debug|Any CPU
		{EED5E016-7CF9-462A-B7C1-5FC0B63F0D0A}.Debug|Any CPU.Build.0 = Debug|Any CPU
		{EED5E016-7CF9-462A-B7C1-5FC0B63F0D0A}.Release|Any CPU.ActiveCfg = Release|Any CPU
		{EED5E016-7CF9-462A-B7C1-5FC0B63F0D0A}.Release|Any CPU.Build.0 = Release|Any CPU
		{7AA255C0-8669-4D59-809D-DD55677D46C7}.Debug|Any CPU.ActiveCfg = Debug|Any CPU
		{7AA255C0-8669-4D59-809D-DD55677D46C7}.Debug|Any CPU.Build.0 = Debug|Any CPU
		{7AA255C0-8669-4D59-809D-DD55677D46C7}.Release|Any CPU.ActiveCfg = Release|Any CPU
		{7AA255C0-8669-4D59-809D-DD55677D46C7}.Release|Any CPU.Build.0 = Release|Any CPU
		{4FCAC840-8651-471B-8E9C-7795F9D16013}.Debug|Any CPU.ActiveCfg = Debug|Any CPU
		{4FCAC840-8651-471B-8E9C-7795F9D16013}.Debug|Any CPU.Build.0 = Debug|Any CPU
		{4FCAC840-8651-471B-8E9C-7795F9D16013}.Release|Any CPU.ActiveCfg = Release|Any CPU
		{4FCAC840-8651-471B-8E9C-7795F9D16013}.Release|Any CPU.Build.0 = Release|Any CPU
		{7584BE02-38DD-44A4-9494-583396C1DC8B}.Debug|Any CPU.ActiveCfg = Debug|Any CPU
		{7584BE02-38DD-44A4-9494-583396C1DC8B}.Debug|Any CPU.Build.0 = Debug|Any CPU
		{7584BE02-38DD-44A4-9494-583396C1DC8B}.Release|Any CPU.ActiveCfg = Release|Any CPU
		{7584BE02-38DD-44A4-9494-583396C1DC8B}.Release|Any CPU.Build.0 = Release|Any CPU
	EndGlobalSection
	GlobalSection(SolutionProperties) = preSolution
		HideSolutionNode = FALSE
	EndGlobalSection
	GlobalSection(NestedProjects) = preSolution
		{1B2F4E59-A000-4D20-A8E8-165C3C3A970E} = {0E13CA75-7896-4D84-B31F-CA0D86D92175}
		{BBB81C33-CF27-4726-934F-F0EE26A3BB1B} = {0BE50F94-FBB4-4CE7-ACF5-C5794985A685}
		{A0795A0D-997F-47B3-A100-5F4BE1183D81} = {C2F7CD6C-08EB-4C16-94EA-B1F0C6200B31}
		{5A44E05C-41C5-4B5D-B241-38EE78C6F344} = {5F8B5A99-AF2C-4A31-B920-527FD6CEAD73}
		{0078345C-F45D-4956-B2DD-95EA038751D9} = {5A44E05C-41C5-4B5D-B241-38EE78C6F344}
		{941FAEFB-6326-434E-8078-A59A459BF271} = {5A44E05C-41C5-4B5D-B241-38EE78C6F344}
		{D0EB569E-CC1C-4A3B-AF53-D2EE27B1CA08} = {5A44E05C-41C5-4B5D-B241-38EE78C6F344}
		{0266934C-1895-45C7-BB17-F28E4B1B6E31} = {5A44E05C-41C5-4B5D-B241-38EE78C6F344}
		{EED5E016-7CF9-462A-B7C1-5FC0B63F0D0A} = {0078345C-F45D-4956-B2DD-95EA038751D9}
		{7AA255C0-8669-4D59-809D-DD55677D46C7} = {D0EB569E-CC1C-4A3B-AF53-D2EE27B1CA08}
		{4FCAC840-8651-471B-8E9C-7795F9D16013} = {0266934C-1895-45C7-BB17-F28E4B1B6E31}
		{7584BE02-38DD-44A4-9494-583396C1DC8B} = {941FAEFB-6326-434E-8078-A59A459BF271}
	EndGlobalSection
	GlobalSection(ExtensibilityGlobals) = postSolution
		SolutionGuid = {59F95069-2C18-4BF1-A33E-63E6F8C6B0DC}
	EndGlobalSection
EndGlobal
